
Microsoft Visual Studio Solution File, Format Version 12.00
# Visual Studio Version 17
VisualStudioVersion = 17.6.33829.357
MinimumVisualStudioVersion = 10.0.40219.1
Project("{FAE04EC0-301F-11D3-BF4B-00C04F79EFBC}") = "BookShop", "BookShop\BookShop.csproj", "{6B09F70C-790F-49D9-9D76-7D077BB4D237}"
EndProject
Global
	GlobalSection(SolutionConfigurationPlatforms) = preSolution
		Debug|Any CPU = Debug|Any CPU
		Release|Any CPU = Release|Any CPU
	EndGlobalSection
	GlobalSection(ProjectConfigurationPlatforms) = postSolution
		{6B09F70C-790F-49D9-9D76-7D077BB4D237}.Debug|Any CPU.ActiveCfg = Debug|Any CPU
		{6B09F70C-790F-49D9-9D76-7D077BB4D237}.Debug|Any CPU.Build.0 = Debug|Any CPU
		{6B09F70C-790F-49D9-9D76-7D077BB4D237}.Release|Any CPU.ActiveCfg = Release|Any CPU
		{6B09F70C-790F-49D9-9D76-7D077BB4D237}.Release|Any CPU.Build.0 = Release|Any CPU
	EndGlobalSection
	GlobalSection(SolutionProperties) = preSolution
		HideSolutionNode = FALSE
	EndGlobalSection
	GlobalSection(ExtensibilityGlobals) = postSolution
		SolutionGuid = {D21C68A8-8B0A-46C8-A1E4-A81B2FF86FA9}
	EndGlobalSection
EndGlobal
